// !$*UTF8*$!
{
	archiveVersion = 1;
	classes = {
	};
	objectVersion = 56;
	objects = {

/* Begin PBXBuildFile section */
		D51FDE3929521D6600A41972 /* Productcardview.swift in Sources */ = {isa = PBXBuildFile; fileRef = D51FDE3829521D6600A41972 /* Productcardview.swift */; };
		D51FDE3B2953565100A41972 /* tetetest.swift in Sources */ = {isa = PBXBuildFile; fileRef = D51FDE3A2953565100A41972 /* tetetest.swift */; };
		D51FDE3D2954A3A500A41972 /* Messaround.swift in Sources */ = {isa = PBXBuildFile; fileRef = D51FDE3C2954A3A500A41972 /* Messaround.swift */; };
		D529C50A2940D781009889BB /* Challenge_3App.swift in Sources */ = {isa = PBXBuildFile; fileRef = D529C5092940D781009889BB /* Challenge_3App.swift */; };
		D529C50C2940D781009889BB /* ContentView.swift in Sources */ = {isa = PBXBuildFile; fileRef = D529C50B2940D781009889BB /* ContentView.swift */; };
		D529C50E2940D783009889BB /* Assets.xcassets in Resources */ = {isa = PBXBuildFile; fileRef = D529C50D2940D783009889BB /* Assets.xcassets */; };
		D529C5112940D783009889BB /* Preview Assets.xcassets in Resources */ = {isa = PBXBuildFile; fileRef = D529C5102940D783009889BB /* Preview Assets.xcassets */; };
		D529C51B2940D783009889BB /* Challenge_3Tests.swift in Sources */ = {isa = PBXBuildFile; fileRef = D529C51A2940D783009889BB /* Challenge_3Tests.swift */; };
		D529C5252940D783009889BB /* Challenge_3UITests.swift in Sources */ = {isa = PBXBuildFile; fileRef = D529C5242940D783009889BB /* Challenge_3UITests.swift */; };
		D529C5272940D783009889BB /* Challenge_3UITestsLaunchTests.swift in Sources */ = {isa = PBXBuildFile; fileRef = D529C5262940D783009889BB /* Challenge_3UITestsLaunchTests.swift */; };
		D529C56D294A08D6009889BB /* Product.swift in Sources */ = {isa = PBXBuildFile; fileRef = D529C56C294A08D6009889BB /* Product.swift */; };
		D529C573294A0C5E009889BB /* ProductCard.swift in Sources */ = {isa = PBXBuildFile; fileRef = D529C572294A0C5E009889BB /* ProductCard.swift */; };
		D529C576294A17D1009889BB /* Cart Button.swift in Sources */ = {isa = PBXBuildFile; fileRef = D529C575294A17D1009889BB /* Cart Button.swift */; };
		D529C578294A1AEE009889BB /* Cart View.swift in Sources */ = {isa = PBXBuildFile; fileRef = D529C577294A1AEE009889BB /* Cart View.swift */; };
		D529C57A294A1EC4009889BB /* CartManager.swift in Sources */ = {isa = PBXBuildFile; fileRef = D529C579294A1EC4009889BB /* CartManager.swift */; };
		D529C57C294A24DE009889BB /* ProductRow.swift in Sources */ = {isa = PBXBuildFile; fileRef = D529C57B294A24DE009889BB /* ProductRow.swift */; };
		D529C57E294B6CBC009889BB /* PaymentButton.swift in Sources */ = {isa = PBXBuildFile; fileRef = D529C57D294B6CBC009889BB /* PaymentButton.swift */; };
		D529C580294B8113009889BB /* test design.swift in Sources */ = {isa = PBXBuildFile; fileRef = D529C57F294B8113009889BB /* test design.swift */; };
		D5BC6B672950B2D500BA3C80 /* PaymentHandler.swift in Sources */ = {isa = PBXBuildFile; fileRef = D5BC6B662950B2D500BA3C80 /* PaymentHandler.swift */; };
/* End PBXBuildFile section */

/* Begin PBXContainerItemProxy section */
		D529C5172940D783009889BB /* PBXContainerItemProxy */ = {
			isa = PBXContainerItemProxy;
			containerPortal = D529C4FE2940D781009889BB /* Project object */;
			proxyType = 1;
			remoteGlobalIDString = D529C5052940D781009889BB;
			remoteInfo = "Challenge 3";
		};
		D529C5212940D783009889BB /* PBXContainerItemProxy */ = {
			isa = PBXContainerItemProxy;
			containerPortal = D529C4FE2940D781009889BB /* Project object */;
			proxyType = 1;
			remoteGlobalIDString = D529C5052940D781009889BB;
			remoteInfo = "Challenge 3";
		};
/* End PBXContainerItemProxy section */

/* Begin PBXFileReference section */
		D51FDE3829521D6600A41972 /* Productcardview.swift */ = {isa = PBXFileReference; lastKnownFileType = sourcecode.swift; path = Productcardview.swift; sourceTree = "<group>"; };
		D51FDE3A2953565100A41972 /* tetetest.swift */ = {isa = PBXFileReference; lastKnownFileType = sourcecode.swift; path = tetetest.swift; sourceTree = "<group>"; };
		D51FDE3C2954A3A500A41972 /* Messaround.swift */ = {isa = PBXFileReference; lastKnownFileType = sourcecode.swift; path = Messaround.swift; sourceTree = "<group>"; };
		D529C5062940D781009889BB /* Challenge 3.app */ = {isa = PBXFileReference; explicitFileType = wrapper.application; includeInIndex = 0; path = "Challenge 3.app"; sourceTree = BUILT_PRODUCTS_DIR; };
		D529C5092940D781009889BB /* Challenge_3App.swift */ = {isa = PBXFileReference; lastKnownFileType = sourcecode.swift; path = Challenge_3App.swift; sourceTree = "<group>"; };
		D529C50B2940D781009889BB /* ContentView.swift */ = {isa = PBXFileReference; lastKnownFileType = sourcecode.swift; path = ContentView.swift; sourceTree = "<group>"; };
		D529C50D2940D783009889BB /* Assets.xcassets */ = {isa = PBXFileReference; lastKnownFileType = folder.assetcatalog; path = Assets.xcassets; sourceTree = "<group>"; };
		D529C5102940D783009889BB /* Preview Assets.xcassets */ = {isa = PBXFileReference; lastKnownFileType = folder.assetcatalog; path = "Preview Assets.xcassets"; sourceTree = "<group>"; };
		D529C5162940D783009889BB /* Challenge 3Tests.xctest */ = {isa = PBXFileReference; explicitFileType = wrapper.cfbundle; includeInIndex = 0; path = "Challenge 3Tests.xctest"; sourceTree = BUILT_PRODUCTS_DIR; };
		D529C51A2940D783009889BB /* Challenge_3Tests.swift */ = {isa = PBXFileReference; lastKnownFileType = sourcecode.swift; path = Challenge_3Tests.swift; sourceTree = "<group>"; };
		D529C5202940D783009889BB /* Challenge 3UITests.xctest */ = {isa = PBXFileReference; explicitFileType = wrapper.cfbundle; includeInIndex = 0; path = "Challenge 3UITests.xctest"; sourceTree = BUILT_PRODUCTS_DIR; };
		D529C5242940D783009889BB /* Challenge_3UITests.swift */ = {isa = PBXFileReference; lastKnownFileType = sourcecode.swift; path = Challenge_3UITests.swift; sourceTree = "<group>"; };
		D529C5262940D783009889BB /* Challenge_3UITestsLaunchTests.swift */ = {isa = PBXFileReference; lastKnownFileType = sourcecode.swift; path = Challenge_3UITestsLaunchTests.swift; sourceTree = "<group>"; };
		D529C56C294A08D6009889BB /* Product.swift */ = {isa = PBXFileReference; lastKnownFileType = sourcecode.swift; path = Product.swift; sourceTree = "<group>"; };
		D529C572294A0C5E009889BB /* ProductCard.swift */ = {isa = PBXFileReference; lastKnownFileType = sourcecode.swift; path = ProductCard.swift; sourceTree = "<group>"; };
		D529C575294A17D1009889BB /* Cart Button.swift */ = {isa = PBXFileReference; lastKnownFileType = sourcecode.swift; path = "Cart Button.swift"; sourceTree = "<group>"; };
		D529C577294A1AEE009889BB /* Cart View.swift */ = {isa = PBXFileReference; lastKnownFileType = sourcecode.swift; path = "Cart View.swift"; sourceTree = "<group>"; };
		D529C579294A1EC4009889BB /* CartManager.swift */ = {isa = PBXFileReference; lastKnownFileType = sourcecode.swift; path = CartManager.swift; sourceTree = "<group>"; };
		D529C57B294A24DE009889BB /* ProductRow.swift */ = {isa = PBXFileReference; lastKnownFileType = sourcecode.swift; path = ProductRow.swift; sourceTree = "<group>"; };
		D529C57D294B6CBC009889BB /* PaymentButton.swift */ = {isa = PBXFileReference; lastKnownFileType = sourcecode.swift; path = PaymentButton.swift; sourceTree = "<group>"; };
		D529C57F294B8113009889BB /* test design.swift */ = {isa = PBXFileReference; lastKnownFileType = sourcecode.swift; path = "test design.swift"; sourceTree = "<group>"; };
		D5BC6B652950B02800BA3C80 /* Challenge 3.entitlements */ = {isa = PBXFileReference; lastKnownFileType = text.plist.entitlements; path = "Challenge 3.entitlements"; sourceTree = "<group>"; };
		D5BC6B662950B2D500BA3C80 /* PaymentHandler.swift */ = {isa = PBXFileReference; lastKnownFileType = sourcecode.swift; path = PaymentHandler.swift; sourceTree = "<group>"; };
/* End PBXFileReference section */

/* Begin PBXFrameworksBuildPhase section */
		D529C5032940D781009889BB /* Frameworks */ = {
			isa = PBXFrameworksBuildPhase;
			buildActionMask = 2147483647;
			files = (
			);
			runOnlyForDeploymentPostprocessing = 0;
		};
		D529C5132940D783009889BB /* Frameworks */ = {
			isa = PBXFrameworksBuildPhase;
			buildActionMask = 2147483647;
			files = (
			);
			runOnlyForDeploymentPostprocessing = 0;
		};
		D529C51D2940D783009889BB /* Frameworks */ = {
			isa = PBXFrameworksBuildPhase;
			buildActionMask = 2147483647;
			files = (
			);
			runOnlyForDeploymentPostprocessing = 0;
		};
/* End PBXFrameworksBuildPhase section */

/* Begin PBXGroup section */
		D529C4FD2940D781009889BB = {
			isa = PBXGroup;
			children = (
				D529C5082940D781009889BB /* Challenge 3 */,
				D529C5192940D783009889BB /* Challenge 3Tests */,
				D529C5232940D783009889BB /* Challenge 3UITests */,
				D529C5072940D781009889BB /* Products */,
			);
			sourceTree = "<group>";
		};
		D529C5072940D781009889BB /* Products */ = {
			isa = PBXGroup;
			children = (
				D529C5062940D781009889BB /* Challenge 3.app */,
				D529C5162940D783009889BB /* Challenge 3Tests.xctest */,
				D529C5202940D783009889BB /* Challenge 3UITests.xctest */,
			);
			name = Products;
			sourceTree = "<group>";
		};
		D529C5082940D781009889BB /* Challenge 3 */ = {
			isa = PBXGroup;
			children = (
				D5BC6B652950B02800BA3C80 /* Challenge 3.entitlements */,
				D529C5092940D781009889BB /* Challenge_3App.swift */,
				D529C574294A13F0009889BB /* Views */,
				D529C56E294A0B50009889BB /* Components */,
				D529C56B2948E016009889BB /* Models */,
				D529C50D2940D783009889BB /* Assets.xcassets */,
				D529C50F2940D783009889BB /* Preview Content */,
				D5BC6B662950B2D500BA3C80 /* PaymentHandler.swift */,
			);
			path = "Challenge 3";
			sourceTree = "<group>";
		};
		D529C50F2940D783009889BB /* Preview Content */ = {
			isa = PBXGroup;
			children = (
				D529C579294A1EC4009889BB /* CartManager.swift */,
				D529C5102940D783009889BB /* Preview Assets.xcassets */,
			);
			path = "Preview Content";
			sourceTree = "<group>";
		};
		D529C5192940D783009889BB /* Challenge 3Tests */ = {
			isa = PBXGroup;
			children = (
				D529C51A2940D783009889BB /* Challenge_3Tests.swift */,
			);
			path = "Challenge 3Tests";
			sourceTree = "<group>";
		};
		D529C5232940D783009889BB /* Challenge 3UITests */ = {
			isa = PBXGroup;
			children = (
				D529C5242940D783009889BB /* Challenge_3UITests.swift */,
				D529C5262940D783009889BB /* Challenge_3UITestsLaunchTests.swift */,
			);
			path = "Challenge 3UITests";
			sourceTree = "<group>";
		};
		D529C56B2948E016009889BB /* Models */ = {
			isa = PBXGroup;
			children = (
				D529C56C294A08D6009889BB /* Product.swift */,
			);
			path = Models;
			sourceTree = "<group>";
		};
		D529C56E294A0B50009889BB /* Components */ = {
			isa = PBXGroup;
			children = (
				D529C572294A0C5E009889BB /* ProductCard.swift */,
				D529C575294A17D1009889BB /* Cart Button.swift */,
				D529C57B294A24DE009889BB /* ProductRow.swift */,
				D529C57D294B6CBC009889BB /* PaymentButton.swift */,
			);
			path = Components;
			sourceTree = "<group>";
		};
		D529C574294A13F0009889BB /* Views */ = {
			isa = PBXGroup;
			children = (
				D529C50B2940D781009889BB /* ContentView.swift */,
				D529C577294A1AEE009889BB /* Cart View.swift */,
				D529C57F294B8113009889BB /* test design.swift */,
				D51FDE3829521D6600A41972 /* Productcardview.swift */,
				D51FDE3A2953565100A41972 /* tetetest.swift */,
				D51FDE3C2954A3A500A41972 /* Messaround.swift */,
			);
			path = Views;
			sourceTree = "<group>";
		};
/* End PBXGroup section */

/* Begin PBXNativeTarget section */
		D529C5052940D781009889BB /* Challenge 3 */ = {
			isa = PBXNativeTarget;
			buildConfigurationList = D529C52A2940D783009889BB /* Build configuration list for PBXNativeTarget "Challenge 3" */;
			buildPhases = (
				D529C5022940D781009889BB /* Sources */,
				D529C5032940D781009889BB /* Frameworks */,
				D529C5042940D781009889BB /* Resources */,
			);
			buildRules = (
			);
			dependencies = (
			);
			name = "Challenge 3";
			productName = "Challenge 3";
			productReference = D529C5062940D781009889BB /* Challenge 3.app */;
			productType = "com.apple.product-type.application";
		};
		D529C5152940D783009889BB /* Challenge 3Tests */ = {
			isa = PBXNativeTarget;
			buildConfigurationList = D529C52D2940D783009889BB /* Build configuration list for PBXNativeTarget "Challenge 3Tests" */;
			buildPhases = (
				D529C5122940D783009889BB /* Sources */,
				D529C5132940D783009889BB /* Frameworks */,
				D529C5142940D783009889BB /* Resources */,
			);
			buildRules = (
			);
			dependencies = (
				D529C5182940D783009889BB /* PBXTargetDependency */,
			);
			name = "Challenge 3Tests";
			productName = "Challenge 3Tests";
			productReference = D529C5162940D783009889BB /* Challenge 3Tests.xctest */;
			productType = "com.apple.product-type.bundle.unit-test";
		};
		D529C51F2940D783009889BB /* Challenge 3UITests */ = {
			isa = PBXNativeTarget;
			buildConfigurationList = D529C5302940D783009889BB /* Build configuration list for PBXNativeTarget "Challenge 3UITests" */;
			buildPhases = (
				D529C51C2940D783009889BB /* Sources */,
				D529C51D2940D783009889BB /* Frameworks */,
				D529C51E2940D783009889BB /* Resources */,
			);
			buildRules = (
			);
			dependencies = (
				D529C5222940D783009889BB /* PBXTargetDependency */,
			);
			name = "Challenge 3UITests";
			productName = "Challenge 3UITests";
			productReference = D529C5202940D783009889BB /* Challenge 3UITests.xctest */;
			productType = "com.apple.product-type.bundle.ui-testing";
		};
/* End PBXNativeTarget section */

/* Begin PBXProject section */
		D529C4FE2940D781009889BB /* Project object */ = {
			isa = PBXProject;
			attributes = {
				BuildIndependentTargetsInParallel = 1;
				LastSwiftUpdateCheck = 1410;
				LastUpgradeCheck = 1410;
				TargetAttributes = {
					D529C5052940D781009889BB = {
						CreatedOnToolsVersion = 14.1;
					};
					D529C5152940D783009889BB = {
						CreatedOnToolsVersion = 14.1;
						TestTargetID = D529C5052940D781009889BB;
					};
					D529C51F2940D783009889BB = {
						CreatedOnToolsVersion = 14.1;
						TestTargetID = D529C5052940D781009889BB;
					};
				};
			};
			buildConfigurationList = D529C5012940D781009889BB /* Build configuration list for PBXProject "Challenge 3" */;
			compatibilityVersion = "Xcode 14.0";
			developmentRegion = en;
			hasScannedForEncodings = 0;
			knownRegions = (
				en,
				Base,
			);
			mainGroup = D529C4FD2940D781009889BB;
			productRefGroup = D529C5072940D781009889BB /* Products */;
			projectDirPath = "";
			projectRoot = "";
			targets = (
				D529C5052940D781009889BB /* Challenge 3 */,
				D529C5152940D783009889BB /* Challenge 3Tests */,
				D529C51F2940D783009889BB /* Challenge 3UITests */,
			);
		};
/* End PBXProject section */

/* Begin PBXResourcesBuildPhase section */
		D529C5042940D781009889BB /* Resources */ = {
			isa = PBXResourcesBuildPhase;
			buildActionMask = 2147483647;
			files = (
				D529C5112940D783009889BB /* Preview Assets.xcassets in Resources */,
				D529C50E2940D783009889BB /* Assets.xcassets in Resources */,
			);
			runOnlyForDeploymentPostprocessing = 0;
		};
		D529C5142940D783009889BB /* Resources */ = {
			isa = PBXResourcesBuildPhase;
			buildActionMask = 2147483647;
			files = (
			);
			runOnlyForDeploymentPostprocessing = 0;
		};
		D529C51E2940D783009889BB /* Resources */ = {
			isa = PBXResourcesBuildPhase;
			buildActionMask = 2147483647;
			files = (
			);
			runOnlyForDeploymentPostprocessing = 0;
		};
/* End PBXResourcesBuildPhase section */

/* Begin PBXSourcesBuildPhase section */
		D529C5022940D781009889BB /* Sources */ = {
			isa = PBXSourcesBuildPhase;
			buildActionMask = 2147483647;
			files = (
				D51FDE3D2954A3A500A41972 /* Messaround.swift in Sources */,
				D529C580294B8113009889BB /* test design.swift in Sources */,
				D529C57E294B6CBC009889BB /* PaymentButton.swift in Sources */,
				D529C573294A0C5E009889BB /* ProductCard.swift in Sources */,
				D529C578294A1AEE009889BB /* Cart View.swift in Sources */,
				D529C57A294A1EC4009889BB /* CartManager.swift in Sources */,
				D5BC6B672950B2D500BA3C80 /* PaymentHandler.swift in Sources */,
				D529C50C2940D781009889BB /* ContentView.swift in Sources */,
				D529C57C294A24DE009889BB /* ProductRow.swift in Sources */,
				D529C50A2940D781009889BB /* Challenge_3App.swift in Sources */,
				D51FDE3B2953565100A41972 /* tetetest.swift in Sources */,
				D529C576294A17D1009889BB /* Cart Button.swift in Sources */,
				D51FDE3929521D6600A41972 /* Productcardview.swift in Sources */,
				D529C56D294A08D6009889BB /* Product.swift in Sources */,
			);
			runOnlyForDeploymentPostprocessing = 0;
		};
		D529C5122940D783009889BB /* Sources */ = {
			isa = PBXSourcesBuildPhase;
			buildActionMask = 2147483647;
			files = (
				D529C51B2940D783009889BB /* Challenge_3Tests.swift in Sources */,
			);
			runOnlyForDeploymentPostprocessing = 0;
		};
		D529C51C2940D783009889BB /* Sources */ = {
			isa = PBXSourcesBuildPhase;
			buildActionMask = 2147483647;
			files = (
				D529C5272940D783009889BB /* Challenge_3UITestsLaunchTests.swift in Sources */,
				D529C5252940D783009889BB /* Challenge_3UITests.swift in Sources */,
			);
			runOnlyForDeploymentPostprocessing = 0;
		};
/* End PBXSourcesBuildPhase section */

/* Begin PBXTargetDependency section */
		D529C5182940D783009889BB /* PBXTargetDependency */ = {
			isa = PBXTargetDependency;
			target = D529C5052940D781009889BB /* Challenge 3 */;
			targetProxy = D529C5172940D783009889BB /* PBXContainerItemProxy */;
		};
		D529C5222940D783009889BB /* PBXTargetDependency */ = {
			isa = PBXTargetDependency;
			target = D529C5052940D781009889BB /* Challenge 3 */;
			targetProxy = D529C5212940D783009889BB /* PBXContainerItemProxy */;
		};
/* End PBXTargetDependency section */

/* Begin XCBuildConfiguration section */
		D529C5282940D783009889BB /* Debug */ = {
			isa = XCBuildConfiguration;
			buildSettings = {
				ALWAYS_SEARCH_USER_PATHS = NO;
				CLANG_ANALYZER_NONNULL = YES;
				CLANG_ANALYZER_NUMBER_OBJECT_CONVERSION = YES_AGGRESSIVE;
				CLANG_CXX_LANGUAGE_STANDARD = "gnu++20";
				CLANG_ENABLE_MODULES = YES;
				CLANG_ENABLE_OBJC_ARC = YES;
				CLANG_ENABLE_OBJC_WEAK = YES;
				CLANG_WARN_BLOCK_CAPTURE_AUTORELEASING = YES;
				CLANG_WARN_BOOL_CONVERSION = YES;
				CLANG_WARN_COMMA = YES;
				CLANG_WARN_CONSTANT_CONVERSION = YES;
				CLANG_WARN_DEPRECATED_OBJC_IMPLEMENTATIONS = YES;
				CLANG_WARN_DIRECT_OBJC_ISA_USAGE = YES_ERROR;
				CLANG_WARN_DOCUMENTATION_COMMENTS = YES;
				CLANG_WARN_EMPTY_BODY = YES;
				CLANG_WARN_ENUM_CONVERSION = YES;
				CLANG_WARN_INFINITE_RECURSION = YES;
				CLANG_WARN_INT_CONVERSION = YES;
				CLANG_WARN_NON_LITERAL_NULL_CONVERSION = YES;
				CLANG_WARN_OBJC_IMPLICIT_RETAIN_SELF = YES;
				CLANG_WARN_OBJC_LITERAL_CONVERSION = YES;
				CLANG_WARN_OBJC_ROOT_CLASS = YES_ERROR;
				CLANG_WARN_QUOTED_INCLUDE_IN_FRAMEWORK_HEADER = YES;
				CLANG_WARN_RANGE_LOOP_ANALYSIS = YES;
				CLANG_WARN_STRICT_PROTOTYPES = YES;
				CLANG_WARN_SUSPICIOUS_MOVE = YES;
				CLANG_WARN_UNGUARDED_AVAILABILITY = YES_AGGRESSIVE;
				CLANG_WARN_UNREACHABLE_CODE = YES;
				CLANG_WARN__DUPLICATE_METHOD_MATCH = YES;
				COPY_PHASE_STRIP = NO;
				DEBUG_INFORMATION_FORMAT = dwarf;
				ENABLE_STRICT_OBJC_MSGSEND = YES;
				ENABLE_TESTABILITY = YES;
				GCC_C_LANGUAGE_STANDARD = gnu11;
				GCC_DYNAMIC_NO_PIC = NO;
				GCC_NO_COMMON_BLOCKS = YES;
				GCC_OPTIMIZATION_LEVEL = 0;
				GCC_PREPROCESSOR_DEFINITIONS = (
					"DEBUG=1",
					"$(inherited)",
				);
				GCC_WARN_64_TO_32_BIT_CONVERSION = YES;
				GCC_WARN_ABOUT_RETURN_TYPE = YES_ERROR;
				GCC_WARN_UNDECLARED_SELECTOR = YES;
				GCC_WARN_UNINITIALIZED_AUTOS = YES_AGGRESSIVE;
				GCC_WARN_UNUSED_FUNCTION = YES;
				GCC_WARN_UNUSED_VARIABLE = YES;
				IPHONEOS_DEPLOYMENT_TARGET = 16.1;
				MTL_ENABLE_DEBUG_INFO = INCLUDE_SOURCE;
				MTL_FAST_MATH = YES;
				ONLY_ACTIVE_ARCH = YES;
				SDKROOT = iphoneos;
				SWIFT_ACTIVE_COMPILATION_CONDITIONS = DEBUG;
				SWIFT_OPTIMIZATION_LEVEL = "-Onone";
			};
			name = Debug;
		};
		D529C5292940D783009889BB /* Release */ = {
			isa = XCBuildConfiguration;
			buildSettings = {
				ALWAYS_SEARCH_USER_PATHS = NO;
				CLANG_ANALYZER_NONNULL = YES;
				CLANG_ANALYZER_NUMBER_OBJECT_CONVERSION = YES_AGGRESSIVE;
				CLANG_CXX_LANGUAGE_STANDARD = "gnu++20";
				CLANG_ENABLE_MODULES = YES;
				CLANG_ENABLE_OBJC_ARC = YES;
				CLANG_ENABLE_OBJC_WEAK = YES;
				CLANG_WARN_BLOCK_CAPTURE_AUTORELEASING = YES;
				CLANG_WARN_BOOL_CONVERSION = YES;
				CLANG_WARN_COMMA = YES;
				CLANG_WARN_CONSTANT_CONVERSION = YES;
				CLANG_WARN_DEPRECATED_OBJC_IMPLEMENTATIONS = YES;
				CLANG_WARN_DIRECT_OBJC_ISA_USAGE = YES_ERROR;
				CLANG_WARN_DOCUMENTATION_COMMENTS = YES;
				CLANG_WARN_EMPTY_BODY = YES;
				CLANG_WARN_ENUM_CONVERSION = YES;
				CLANG_WARN_INFINITE_RECURSION = YES;
				CLANG_WARN_INT_CONVERSION = YES;
				CLANG_WARN_NON_LITERAL_NULL_CONVERSION = YES;
				CLANG_WARN_OBJC_IMPLICIT_RETAIN_SELF = YES;
				CLANG_WARN_OBJC_LITERAL_CONVERSION = YES;
				CLANG_WARN_OBJC_ROOT_CLASS = YES_ERROR;
				CLANG_WARN_QUOTED_INCLUDE_IN_FRAMEWORK_HEADER = YES;
				CLANG_WARN_RANGE_LOOP_ANALYSIS = YES;
				CLANG_WARN_STRICT_PROTOTYPES = YES;
				CLANG_WARN_SUSPICIOUS_MOVE = YES;
				CLANG_WARN_UNGUARDED_AVAILABILITY = YES_AGGRESSIVE;
				CLANG_WARN_UNREACHABLE_CODE = YES;
				CLANG_WARN__DUPLICATE_METHOD_MATCH = YES;
				COPY_PHASE_STRIP = NO;
				DEBUG_INFORMATION_FORMAT = "dwarf-with-dsym";
				ENABLE_NS_ASSERTIONS = NO;
				ENABLE_STRICT_OBJC_MSGSEND = YES;
				GCC_C_LANGUAGE_STANDARD = gnu11;
				GCC_NO_COMMON_BLOCKS = YES;
				GCC_WARN_64_TO_32_BIT_CONVERSION = YES;
				GCC_WARN_ABOUT_RETURN_TYPE = YES_ERROR;
				GCC_WARN_UNDECLARED_SELECTOR = YES;
				GCC_WARN_UNINITIALIZED_AUTOS = YES_AGGRESSIVE;
				GCC_WARN_UNUSED_FUNCTION = YES;
				GCC_WARN_UNUSED_VARIABLE = YES;
				IPHONEOS_DEPLOYMENT_TARGET = 16.1;
				MTL_ENABLE_DEBUG_INFO = NO;
				MTL_FAST_MATH = YES;
				SDKROOT = iphoneos;
				SWIFT_COMPILATION_MODE = wholemodule;
				SWIFT_OPTIMIZATION_LEVEL = "-O";
				VALIDATE_PRODUCT = YES;
			};
			name = Release;
		};
		D529C52B2940D783009889BB /* Debug */ = {
			isa = XCBuildConfiguration;
			buildSettings = {
				ASSETCATALOG_COMPILER_APPICON_NAME = AppIcon;
				ASSETCATALOG_COMPILER_GLOBAL_ACCENT_COLOR_NAME = AccentColor;
				CODE_SIGN_ENTITLEMENTS = "Challenge 3/Challenge 3.entitlements";
				CODE_SIGN_STYLE = Automatic;
				CURRENT_PROJECT_VERSION = 1;
				DEVELOPMENT_ASSET_PATHS = "\"Challenge 3/Preview Content\"";
				DEVELOPMENT_TEAM = 565PM88U89;
				ENABLE_PREVIEWS = YES;
				GENERATE_INFOPLIST_FILE = YES;
				INFOPLIST_KEY_UIApplicationSceneManifest_Generation = YES;
				INFOPLIST_KEY_UIApplicationSupportsIndirectInputEvents = YES;
				INFOPLIST_KEY_UILaunchScreen_Generation = YES;
				INFOPLIST_KEY_UISupportedInterfaceOrientations_iPad = "UIInterfaceOrientationPortrait UIInterfaceOrientationPortraitUpsideDown UIInterfaceOrientationLandscapeLeft UIInterfaceOrientationLandscapeRight";
				INFOPLIST_KEY_UISupportedInterfaceOrientations_iPhone = "UIInterfaceOrientationPortrait UIInterfaceOrientationLandscapeLeft UIInterfaceOrientationLandscapeRight";
				LD_RUNPATH_SEARCH_PATHS = (
					"$(inherited)",
					"@executable_path/Frameworks",
				);
				MARKETING_VERSION = 1.0;
				PRODUCT_BUNDLE_IDENTIFIER = "Challenge-3";
				PRODUCT_NAME = "$(TARGET_NAME)";
				SWIFT_EMIT_LOC_STRINGS = YES;
				SWIFT_VERSION = 5.0;
				TARGETED_DEVICE_FAMILY = "1,2";
			};
			name = Debug;
		};
		D529C52C2940D783009889BB /* Release */ = {
			isa = XCBuildConfiguration;
			buildSettings = {
				ASSETCATALOG_COMPILER_APPICON_NAME = AppIcon;
				ASSETCATALOG_COMPILER_GLOBAL_ACCENT_COLOR_NAME = AccentColor;
				CODE_SIGN_ENTITLEMENTS = "Challenge 3/Challenge 3.entitlements";
				CODE_SIGN_STYLE = Automatic;
				CURRENT_PROJECT_VERSION = 1;
				DEVELOPMENT_ASSET_PATHS = "\"Challenge 3/Preview Content\"";
				DEVELOPMENT_TEAM = 565PM88U89;
				ENABLE_PREVIEWS = YES;
				GENERATE_INFOPLIST_FILE = YES;
				INFOPLIST_KEY_UIApplicationSceneManifest_Generation = YES;
				INFOPLIST_KEY_UIApplicationSupportsIndirectInputEvents = YES;
				INFOPLIST_KEY_UILaunchScreen_Generation = YES;
				INFOPLIST_KEY_UISupportedInterfaceOrientations_iPad = "UIInterfaceOrientationPortrait UIInterfaceOrientationPortraitUpsideDown UIInterfaceOrientationLandscapeLeft UIInterfaceOrientationLandscapeRight";
				INFOPLIST_KEY_UISupportedInterfaceOrientations_iPhone = "UIInterfaceOrientationPortrait UIInterfaceOrientationLandscapeLeft UIInterfaceOrientationLandscapeRight";
				LD_RUNPATH_SEARCH_PATHS = (
					"$(inherited)",
					"@executable_path/Frameworks",
				);
				MARKETING_VERSION = 1.0;
				PRODUCT_BUNDLE_IDENTIFIER = "Challenge-3";
				PRODUCT_NAME = "$(TARGET_NAME)";
				SWIFT_EMIT_LOC_STRINGS = YES;
				SWIFT_VERSION = 5.0;
				TARGETED_DEVICE_FAMILY = "1,2";
			};
			name = Release;
		};
		D529C52E2940D783009889BB /* Debug */ = {
			isa = XCBuildConfiguration;
			buildSettings = {
				ALWAYS_EMBED_SWIFT_STANDARD_LIBRARIES = YES;
				BUNDLE_LOADER = "$(TEST_HOST)";
				CODE_SIGN_STYLE = Automatic;
				CURRENT_PROJECT_VERSION = 1;
				GENERATE_INFOPLIST_FILE = YES;
				IPHONEOS_DEPLOYMENT_TARGET = 16.1;
				MARKETING_VERSION = 1.0;
				PRODUCT_BUNDLE_IDENTIFIER = "teamSnacks.Challenge-3Tests";
				PRODUCT_NAME = "$(TARGET_NAME)";
				SWIFT_EMIT_LOC_STRINGS = NO;
				SWIFT_VERSION = 5.0;
				TARGETED_DEVICE_FAMILY = "1,2";
				TEST_HOST = "$(BUILT_PRODUCTS_DIR)/Challenge 3.app/$(BUNDLE_EXECUTABLE_FOLDER_PATH)/Challenge 3";
			};
			name = Debug;
		};
		D529C52F2940D783009889BB /* Release */ = {
			isa = XCBuildConfiguration;
			buildSettings = {
				ALWAYS_EMBED_SWIFT_STANDARD_LIBRARIES = YES;
				BUNDLE_LOADER = "$(TEST_HOST)";
				CODE_SIGN_STYLE = Automatic;
				CURRENT_PROJECT_VERSION = 1;
				GENERATE_INFOPLIST_FILE = YES;
				IPHONEOS_DEPLOYMENT_TARGET = 16.1;
				MARKETING_VERSION = 1.0;
				PRODUCT_BUNDLE_IDENTIFIER = "teamSnacks.Challenge-3Tests";
				PRODUCT_NAME = "$(TARGET_NAME)";
				SWIFT_EMIT_LOC_STRINGS = NO;
				SWIFT_VERSION = 5.0;
				TARGETED_DEVICE_FAMILY = "1,2";
				TEST_HOST = "$(BUILT_PRODUCTS_DIR)/Challenge 3.app/$(BUNDLE_EXECUTABLE_FOLDER_PATH)/Challenge 3";
			};
			name = Release;
		};
		D529C5312940D783009889BB /* Debug */ = {
			isa = XCBuildConfiguration;
			buildSettings = {
				ALWAYS_EMBED_SWIFT_STANDARD_LIBRARIES = YES;
				CODE_SIGN_STYLE = Automatic;
				CURRENT_PROJECT_VERSION = 1;
				GENERATE_INFOPLIST_FILE = YES;
				MARKETING_VERSION = 1.0;
				PRODUCT_BUNDLE_IDENTIFIER = "teamSnacks.Challenge-3UITests";
				PRODUCT_NAME = "$(TARGET_NAME)";
				SWIFT_EMIT_LOC_STRINGS = NO;
				SWIFT_VERSION = 5.0;
				TARGETED_DEVICE_FAMILY = "1,2";
				TEST_TARGET_NAME = "Challenge 3";
			};
			name = Debug;
		};
		D529C5322940D783009889BB /* Release */ = {
			isa = XCBuildConfiguration;
			buildSettings = {
				ALWAYS_EMBED_SWIFT_STANDARD_LIBRARIES = YES;
				CODE_SIGN_STYLE = Automatic;
				CURRENT_PROJECT_VERSION = 1;
				GENERATE_INFOPLIST_FILE = YES;
				MARKETING_VERSION = 1.0;
				PRODUCT_BUNDLE_IDENTIFIER = "teamSnacks.Challenge-3UITests";
				PRODUCT_NAME = "$(TARGET_NAME)";
				SWIFT_EMIT_LOC_STRINGS = NO;
				SWIFT_VERSION = 5.0;
				TARGETED_DEVICE_FAMILY = "1,2";
				TEST_TARGET_NAME = "Challenge 3";
			};
			name = Release;
		};
/* End XCBuildConfiguration section */

/* Begin XCConfigurationList section */
		D529C5012940D781009889BB /* Build configuration list for PBXProject "Challenge 3" */ = {
			isa = XCConfigurationList;
			buildConfigurations = (
				D529C5282940D783009889BB /* Debug */,
				D529C5292940D783009889BB /* Release */,
			);
			defaultConfigurationIsVisible = 0;
			defaultConfigurationName = Release;
		};
		D529C52A2940D783009889BB /* Build configuration list for PBXNativeTarget "Challenge 3" */ = {
			isa = XCConfigurationList;
			buildConfigurations = (
				D529C52B2940D783009889BB /* Debug */,
				D529C52C2940D783009889BB /* Release */,
			);
			defaultConfigurationIsVisible = 0;
			defaultConfigurationName = Release;
		};
		D529C52D2940D783009889BB /* Build configuration list for PBXNativeTarget "Challenge 3Tests" */ = {
			isa = XCConfigurationList;
			buildConfigurations = (
				D529C52E2940D783009889BB /* Debug */,
				D529C52F2940D783009889BB /* Release */,
			);
			defaultConfigurationIsVisible = 0;
			defaultConfigurationName = Release;
		};
		D529C5302940D783009889BB /* Build configuration list for PBXNativeTarget "Challenge 3UITests" */ = {
			isa = XCConfigurationList;
			buildConfigurations = (
				D529C5312940D783009889BB /* Debug */,
				D529C5322940D783009889BB /* Release */,
			);
			defaultConfigurationIsVisible = 0;
			defaultConfigurationName = Release;
		};
/* End XCConfigurationList section */
	};
	rootObject = D529C4FE2940D781009889BB /* Project object */;
}
